schema: '2.0'
stages:
  data_ingestion:
    cmd: python src\pipeline\stage_01_data_ingestion.py
    deps:
    - path: src\constants\__init__.py
      hash: md5
      md5: 67988f32c7e4c897d4b62733d706515b
      size: 1020
    - path: src\pipeline\stage_01_data_ingestion.py
      hash: md5
      md5: 07c6f31acea8ce48e2f7d3a849af9a37
      size: 1356
    outs:
    - path: artifacts\DataIngestion\RSNA.zip
      hash: md5
      md5: 2b342f83dec5497304b527bd322bdbf1
      size: 36458571
    - path: artifacts\DataIngestion\images
      hash: md5
      md5: 23e2e528ade7e201804b85414b77d3be.dir
      size: 37390152
      nfiles: 600
  data_validation:
    cmd: python src\pipeline\stage_02_data_validation.py
    deps:
    - path: src\constants\__init__.py
      hash: md5
      md5: 67988f32c7e4c897d4b62733d706515b
      size: 1020
    - path: src\pipeline\stage_02_data_validation.py
      hash: md5
      md5: 71921fb128de84c20c2b85acfc89174d
      size: 1382
  model_training:
    cmd: python src\pipeline\stage_03_training_evaluation.py
    deps:
    - path: artifacts\DataIngestion\images
      hash: md5
      md5: 23e2e528ade7e201804b85414b77d3be.dir
      size: 37390152
      nfiles: 600
    - path: src\constants\__init__.py
      hash: md5
      md5: 67988f32c7e4c897d4b62733d706515b
      size: 1020
    - path: src\model\model.py
      hash: md5
      md5: 469d3d731f3da37f32f8189427aa40d5
      size: 2356
    - path: src\pipeline\stage_03_training_evaluation.py
      hash: md5
      md5: 74388b3ca65635e5e430720355a22c81
      size: 1430
    outs:
    - path: artifacts\ModelTrainings\model.keras
      hash: md5
      md5: 0faae906c9b6d96ddb26f37a46cb98fe
      size: 21495570
